<?xml version="1.0" encoding="utf-8"?>
<Project ToolsVersion="4.0" xmlns="http://schemas.microsoft.com/developer/msbuild/2003">
  <ItemGroup>
    <ClCompile Include="Main.cpp" />
    <ClCompile Include="Proxy.cpp" />
    <ClCompile Include="Zlib.cpp" />
    <ClCompile Include="Encrypt.cpp" />
    <ClCompile Include="openssl\include\applink.c">
      <Filter>openssl</Filter>
    </ClCompile>
  </ItemGroup>
  <ItemGroup>
    <ClInclude Include="Proxy.h" />
    <ClInclude Include="Zlib.h" />
    <ClInclude Include="zlib\include\zconf.h">
      <Filter>zlib</Filter>
    </ClInclude>
    <ClInclude Include="zlib\include\zlib.h">
      <Filter>zlib</Filter>
    </ClInclude>
    <ClInclude Include="Encrypt.h" />
    <ClInclude Include="openssl\include\__DECC_INCLUDE_EPILOGUE.H">
      <Filter>openssl</Filter>
    </ClInclude>
    <ClInclude Include="openssl\include\__DECC_INCLUDE_PROLOGUE.H">
      <Filter>openssl</Filter>
    </ClInclude>
    <ClInclude Include="openssl\include\aes.h">
      <Filter>openssl</Filter>
    </ClInclude>
    <ClInclude Include="openssl\include\asn1.h">
      <Filter>openssl</Filter>
    </ClInclude>
    <ClInclude Include="openssl\include\asn1_mac.h">
      <Filter>openssl</Filter>
    </ClInclude>
    <ClInclude Include="openssl\include\asn1t.h">
      <Filter>openssl</Filter>
    </ClInclude>
    <ClInclude Include="openssl\include\async.h">
      <Filter>openssl</Filter>
    </ClInclude>
    <ClInclude Include="openssl\include\bio.h">
      <Filter>openssl</Filter>
    </ClInclude>
    <ClInclude Include="openssl\include\blowfish.h">
      <Filter>openssl</Filter>
    </ClInclude>
    <ClInclude Include="openssl\include\bn.h">
      <Filter>openssl</Filter>
    </ClInclude>
    <ClInclude Include="openssl\include\buffer.h">
      <Filter>openssl</Filter>
    </ClInclude>
    <ClInclude Include="openssl\include\camellia.h">
      <Filter>openssl</Filter>
    </ClInclude>
    <ClInclude Include="openssl\include\cast.h">
      <Filter>openssl</Filter>
    </ClInclude>
    <ClInclude Include="openssl\include\cmac.h">
      <Filter>openssl</Filter>
    </ClInclude>
    <ClInclude Include="openssl\include\cms.h">
      <Filter>openssl</Filter>
    </ClInclude>
    <ClInclude Include="openssl\include\comp.h">
      <Filter>openssl</Filter>
    </ClInclude>
    <ClInclude Include="openssl\include\conf.h">
      <Filter>openssl</Filter>
    </ClInclude>
    <ClInclude Include="openssl\include\conf_api.h">
      <Filter>openssl</Filter>
    </ClInclude>
    <ClInclude Include="openssl\include\crypto.h">
      <Filter>openssl</Filter>
    </ClInclude>
    <ClInclude Include="openssl\include\ct.h">
      <Filter>openssl</Filter>
    </ClInclude>
    <ClInclude Include="openssl\include\des.h">
      <Filter>openssl</Filter>
    </ClInclude>
    <ClInclude Include="openssl\include\dh.h">
      <Filter>openssl</Filter>
    </ClInclude>
    <ClInclude Include="openssl\include\dsa.h">
      <Filter>openssl</Filter>
    </ClInclude>
    <ClInclude Include="openssl\include\dtls1.h">
      <Filter>openssl</Filter>
    </ClInclude>
    <ClInclude Include="openssl\include\e_os2.h">
      <Filter>openssl</Filter>
    </ClInclude>
    <ClInclude Include="openssl\include\ebcdic.h">
      <Filter>openssl</Filter>
    </ClInclude>
    <ClInclude Include="openssl\include\ec.h">
      <Filter>openssl</Filter>
    </ClInclude>
    <ClInclude Include="openssl\include\ecdh.h">
      <Filter>openssl</Filter>
    </ClInclude>
    <ClInclude Include="openssl\include\ecdsa.h">
      <Filter>openssl</Filter>
    </ClInclude>
    <ClInclude Include="openssl\include\engine.h">
      <Filter>openssl</Filter>
    </ClInclude>
    <ClInclude Include="openssl\include\err.h">
      <Filter>openssl</Filter>
    </ClInclude>
    <ClInclude Include="openssl\include\evp.h">
      <Filter>openssl</Filter>
    </ClInclude>
    <ClInclude Include="openssl\include\hmac.h">
      <Filter>openssl</Filter>
    </ClInclude>
    <ClInclude Include="openssl\include\idea.h">
      <Filter>openssl</Filter>
    </ClInclude>
    <ClInclude Include="openssl\include\kdf.h">
      <Filter>openssl</Filter>
    </ClInclude>
    <ClInclude Include="openssl\include\lhash.h">
      <Filter>openssl</Filter>
    </ClInclude>
    <ClInclude Include="openssl\include\md2.h">
      <Filter>openssl</Filter>
    </ClInclude>
    <ClInclude Include="openssl\include\md4.h">
      <Filter>openssl</Filter>
    </ClInclude>
    <ClInclude Include="openssl\include\md5.h">
      <Filter>openssl</Filter>
    </ClInclude>
    <ClInclude Include="openssl\include\mdc2.h">
      <Filter>openssl</Filter>
    </ClInclude>
    <ClInclude Include="openssl\include\modes.h">
      <Filter>openssl</Filter>
    </ClInclude>
    <ClInclude Include="openssl\include\obj_mac.h">
      <Filter>openssl</Filter>
    </ClInclude>
    <ClInclude Include="openssl\include\objects.h">
      <Filter>openssl</Filter>
    </ClInclude>
    <ClInclude Include="openssl\include\ocsp.h">
      <Filter>openssl</Filter>
    </ClInclude>
    <ClInclude Include="openssl\include\opensslconf.h">
      <Filter>openssl</Filter>
    </ClInclude>
    <ClInclude Include="openssl\include\opensslv.h">
      <Filter>openssl</Filter>
    </ClInclude>
    <ClInclude Include="openssl\include\ossl_typ.h">
      <Filter>openssl</Filter>
    </ClInclude>
    <ClInclude Include="openssl\include\pem.h">
      <Filter>openssl</Filter>
    </ClInclude>
    <ClInclude Include="openssl\include\pem2.h">
      <Filter>openssl</Filter>
    </ClInclude>
    <ClInclude Include="openssl\include\pkcs7.h">
      <Filter>openssl</Filter>
    </ClInclude>
    <ClInclude Include="openssl\include\pkcs12.h">
      <Filter>openssl</Filter>
    </ClInclude>
    <ClInclude Include="openssl\include\rand.h">
      <Filter>openssl</Filter>
    </ClInclude>
    <ClInclude Include="openssl\include\rc2.h">
      <Filter>openssl</Filter>
    </ClInclude>
    <ClInclude Include="openssl\include\rc4.h">
      <Filter>openssl</Filter>
    </ClInclude>
    <ClInclude Include="openssl\include\rc5.h">
      <Filter>openssl</Filter>
    </ClInclude>
    <ClInclude Include="openssl\include\ripemd.h">
      <Filter>openssl</Filter>
    </ClInclude>
    <ClInclude Include="openssl\include\rsa.h">
      <Filter>openssl</Filter>
    </ClInclude>
    <ClInclude Include="openssl\include\safestack.h">
      <Filter>openssl</Filter>
    </ClInclude>
    <ClInclude Include="openssl\include\seed.h">
      <Filter>openssl</Filter>
    </ClInclude>
    <ClInclude Include="openssl\include\sha.h">
      <Filter>openssl</Filter>
    </ClInclude>
    <ClInclude Include="openssl\include\srp.h">
      <Filter>openssl</Filter>
    </ClInclude>
    <ClInclude Include="openssl\include\srtp.h">
      <Filter>openssl</Filter>
    </ClInclude>
    <ClInclude Include="openssl\include\ssl.h">
      <Filter>openssl</Filter>
    </ClInclude>
    <ClInclude Include="openssl\include\ssl2.h">
      <Filter>openssl</Filter>
    </ClInclude>
    <ClInclude Include="openssl\include\ssl3.h">
      <Filter>openssl</Filter>
    </ClInclude>
    <ClInclude Include="openssl\include\stack.h">
      <Filter>openssl</Filter>
    </ClInclude>
    <ClInclude Include="openssl\include\symhacks.h">
      <Filter>openssl</Filter>
    </ClInclude>
    <ClInclude Include="openssl\include\tls1.h">
      <Filter>openssl</Filter>
    </ClInclude>
    <ClInclude Include="openssl\include\ts.h">
      <Filter>openssl</Filter>
    </ClInclude>
    <ClInclude Include="openssl\include\txt_db.h">
      <Filter>openssl</Filter>
    </ClInclude>
    <ClInclude Include="openssl\include\ui.h">
      <Filter>openssl</Filter>
    </ClInclude>
    <ClInclude Include="openssl\include\whrlpool.h">
      <Filter>openssl</Filter>
    </ClInclude>
    <ClInclude Include="openssl\include\x509.h">
      <Filter>openssl</Filter>
    </ClInclude>
    <ClInclude Include="openssl\include\x509_vfy.h">
      <Filter>openssl</Filter>
    </ClInclude>
    <ClInclude Include="openssl\include\x509v3.h">
      <Filter>openssl</Filter>
    </ClInclude>
  </ItemGroup>
  <ItemGroup>
    <Filter Include="zlib">
      <UniqueIdentifier>{3a7635c8-2180-4007-83ea-f59038c4b1ae}</UniqueIdentifier>
    </Filter>
    <Filter Include="openssl">
      <UniqueIdentifier>{f3521cbe-1c22-4b6c-82e5-9748af09e073}</UniqueIdentifier>
    </Filter>
  </ItemGroup>
</Project>